// !$*UTF8*$!
{
	archiveVersion = 1;
	classes = {
	};
	objectVersion = 46;
	objects = {

/* Begin PBXBuildFile section */
		18A2BCB11EA513450001ED7F /* SYNetworkFramework.framework in Frameworks */ = {isa = PBXBuildFile; fileRef = 18A2BCB01EA513450001ED7F /* SYNetworkFramework.framework */; };
		33AEBA8D1EA4E8E1001FF0C4 /* main.m in Sources */ = {isa = PBXBuildFile; fileRef = 33AEBA8C1EA4E8E1001FF0C4 /* main.m */; };
		33AEBA901EA4E8E1001FF0C4 /* AppDelegate.m in Sources */ = {isa = PBXBuildFile; fileRef = 33AEBA8F1EA4E8E1001FF0C4 /* AppDelegate.m */; };
		33AEBA931EA4E8E1001FF0C4 /* ViewController.m in Sources */ = {isa = PBXBuildFile; fileRef = 33AEBA921EA4E8E1001FF0C4 /* ViewController.m */; };
		33AEBA961EA4E8E1001FF0C4 /* Main.storyboard in Resources */ = {isa = PBXBuildFile; fileRef = 33AEBA941EA4E8E1001FF0C4 /* Main.storyboard */; };
		33AEBA981EA4E8E1001FF0C4 /* Assets.xcassets in Resources */ = {isa = PBXBuildFile; fileRef = 33AEBA971EA4E8E1001FF0C4 /* Assets.xcassets */; };
		33AEBA9B1EA4E8E1001FF0C4 /* LaunchScreen.storyboard in Resources */ = {isa = PBXBuildFile; fileRef = 33AEBA991EA4E8E1001FF0C4 /* LaunchScreen.storyboard */; };
		33AEBB291EA4F469001FF0C4 /* NEBaseRequest.m in Sources */ = {isa = PBXBuildFile; fileRef = 33AEBB281EA4F469001FF0C4 /* NEBaseRequest.m */; };
		33AEBB2E1EA4FAA5001FF0C4 /* NENavigationController.m in Sources */ = {isa = PBXBuildFile; fileRef = 33AEBB2D1EA4FAA5001FF0C4 /* NENavigationController.m */; };
		33AEBB311EA4FABD001FF0C4 /* NEBaseController.m in Sources */ = {isa = PBXBuildFile; fileRef = 33AEBB301EA4FABD001FF0C4 /* NEBaseController.m */; };
		33AEBB341EA4FADA001FF0C4 /* NETabbarController.m in Sources */ = {isa = PBXBuildFile; fileRef = 33AEBB331EA4FADA001FF0C4 /* NETabbarController.m */; };
		33AEBB391EA4FB0A001FF0C4 /* HomeController.m in Sources */ = {isa = PBXBuildFile; fileRef = 33AEBB381EA4FB0A001FF0C4 /* HomeController.m */; };
		33AEBB5E1EA5A7E6001FF0C4 /* SongSheetViewController.m in Sources */ = {isa = PBXBuildFile; fileRef = 33AEBB591EA5A7E6001FF0C4 /* SongSheetViewController.m */; };
		33AEBB5F1EA5A7E6001FF0C4 /* SongSheetViewController.xib in Resources */ = {isa = PBXBuildFile; fileRef = 33AEBB5A1EA5A7E6001FF0C4 /* SongSheetViewController.xib */; };
		33AEBB671EA5A851001FF0C4 /* RankViewController.m in Sources */ = {isa = PBXBuildFile; fileRef = 33AEBB621EA5A851001FF0C4 /* RankViewController.m */; };
		33AEBB681EA5A851001FF0C4 /* RankViewController.xib in Resources */ = {isa = PBXBuildFile; fileRef = 33AEBB631EA5A851001FF0C4 /* RankViewController.xib */; };
		33AEBB701EA5A85A001FF0C4 /* PersonalityViewController.m in Sources */ = {isa = PBXBuildFile; fileRef = 33AEBB6B1EA5A85A001FF0C4 /* PersonalityViewController.m */; };
		33AEBB711EA5A85A001FF0C4 /* PersonalityViewController.xib in Resources */ = {isa = PBXBuildFile; fileRef = 33AEBB6C1EA5A85A001FF0C4 /* PersonalityViewController.xib */; };
		33AEBB801EA5AC93001FF0C4 /* UIColor+SYAdd.m in Sources */ = {isa = PBXBuildFile; fileRef = 33AEBB7F1EA5AC93001FF0C4 /* UIColor+SYAdd.m */; };
		33AEBB851EA5B317001FF0C4 /* RadioViewController.m in Sources */ = {isa = PBXBuildFile; fileRef = 33AEBB831EA5B317001FF0C4 /* RadioViewController.m */; };
		33AEBB861EA5B317001FF0C4 /* RadioViewController.xib in Resources */ = {isa = PBXBuildFile; fileRef = 33AEBB841EA5B317001FF0C4 /* RadioViewController.xib */; };
		33AEBB891EA5B370001FF0C4 /* UIDevice+SYAdd.m in Sources */ = {isa = PBXBuildFile; fileRef = 33AEBB881EA5B370001FF0C4 /* UIDevice+SYAdd.m */; };
		33AEBB8D1EA5CC9C001FF0C4 /* NSString+SYAdd.m in Sources */ = {isa = PBXBuildFile; fileRef = 33AEBB8C1EA5CC9C001FF0C4 /* NSString+SYAdd.m */; };
		33AEBB901EA5CCAE001FF0C4 /* NSArray+SYAdd.m in Sources */ = {isa = PBXBuildFile; fileRef = 33AEBB8F1EA5CCAE001FF0C4 /* NSArray+SYAdd.m */; };
		33AEBB931EA5D527001FF0C4 /* NSDictionary+SYAdd.m in Sources */ = {isa = PBXBuildFile; fileRef = 33AEBB921EA5D527001FF0C4 /* NSDictionary+SYAdd.m */; };
		82F247F5AE0BCACF08AC5742 /* libPods-fake-netease-music.a in Frameworks */ = {isa = PBXBuildFile; fileRef = C596FC35D673167B0E8CA196 /* libPods-fake-netease-music.a */; };
/* End PBXBuildFile section */

/* Begin PBXCopyFilesBuildPhase section */
		33AEBAC91EA4F11F001FF0C4 /* Embed Frameworks */ = {
			isa = PBXCopyFilesBuildPhase;
			buildActionMask = 2147483647;
			dstPath = "";
			dstSubfolderSpec = 10;
			files = (
			);
			name = "Embed Frameworks";
			runOnlyForDeploymentPostprocessing = 0;
		};
/* End PBXCopyFilesBuildPhase section */

/* Begin PBXFileReference section */
		18A2BCB01EA513450001ED7F /* SYNetworkFramework.framework */ = {isa = PBXFileReference; lastKnownFileType = wrapper.framework; path = SYNetworkFramework.framework; sourceTree = "<group>"; };
		33AEBA881EA4E8E1001FF0C4 /* fake-netease-music.app */ = {isa = PBXFileReference; explicitFileType = wrapper.application; includeInIndex = 0; path = "fake-netease-music.app"; sourceTree = BUILT_PRODUCTS_DIR; };
		33AEBA8C1EA4E8E1001FF0C4 /* main.m */ = {isa = PBXFileReference; lastKnownFileType = sourcecode.c.objc; path = main.m; sourceTree = "<group>"; };
		33AEBA8E1EA4E8E1001FF0C4 /* AppDelegate.h */ = {isa = PBXFileReference; lastKnownFileType = sourcecode.c.h; name = AppDelegate.h; path = "fake-netease-music/AppDelegate.h"; sourceTree = SOURCE_ROOT; };
		33AEBA8F1EA4E8E1001FF0C4 /* AppDelegate.m */ = {isa = PBXFileReference; lastKnownFileType = sourcecode.c.objc; name = AppDelegate.m; path = "fake-netease-music/AppDelegate.m"; sourceTree = SOURCE_ROOT; };
		33AEBA911EA4E8E1001FF0C4 /* ViewController.h */ = {isa = PBXFileReference; lastKnownFileType = sourcecode.c.h; path = ViewController.h; sourceTree = "<group>"; };
		33AEBA921EA4E8E1001FF0C4 /* ViewController.m */ = {isa = PBXFileReference; lastKnownFileType = sourcecode.c.objc; path = ViewController.m; sourceTree = "<group>"; };
		33AEBA951EA4E8E1001FF0C4 /* Base */ = {isa = PBXFileReference; lastKnownFileType = file.storyboard; name = Base; path = Base.lproj/Main.storyboard; sourceTree = "<group>"; };
		33AEBA971EA4E8E1001FF0C4 /* Assets.xcassets */ = {isa = PBXFileReference; lastKnownFileType = folder.assetcatalog; name = Assets.xcassets; path = ../Assets.xcassets; sourceTree = "<group>"; };
		33AEBA9A1EA4E8E1001FF0C4 /* Base */ = {isa = PBXFileReference; lastKnownFileType = file.storyboard; name = Base; path = Base.lproj/LaunchScreen.storyboard; sourceTree = "<group>"; };
		33AEBA9C1EA4E8E1001FF0C4 /* Info.plist */ = {isa = PBXFileReference; lastKnownFileType = text.plist.xml; path = Info.plist; sourceTree = "<group>"; };
		33AEBB271EA4F469001FF0C4 /* NEBaseRequest.h */ = {isa = PBXFileReference; fileEncoding = 4; lastKnownFileType = sourcecode.c.h; path = NEBaseRequest.h; sourceTree = "<group>"; };
		33AEBB281EA4F469001FF0C4 /* NEBaseRequest.m */ = {isa = PBXFileReference; fileEncoding = 4; lastKnownFileType = sourcecode.c.objc; path = NEBaseRequest.m; sourceTree = "<group>"; };
		33AEBB2C1EA4FAA5001FF0C4 /* NENavigationController.h */ = {isa = PBXFileReference; fileEncoding = 4; lastKnownFileType = sourcecode.c.h; path = NENavigationController.h; sourceTree = "<group>"; };
		33AEBB2D1EA4FAA5001FF0C4 /* NENavigationController.m */ = {isa = PBXFileReference; fileEncoding = 4; lastKnownFileType = sourcecode.c.objc; path = NENavigationController.m; sourceTree = "<group>"; };
		33AEBB2F1EA4FABD001FF0C4 /* NEBaseController.h */ = {isa = PBXFileReference; fileEncoding = 4; lastKnownFileType = sourcecode.c.h; path = NEBaseController.h; sourceTree = "<group>"; };
		33AEBB301EA4FABD001FF0C4 /* NEBaseController.m */ = {isa = PBXFileReference; fileEncoding = 4; lastKnownFileType = sourcecode.c.objc; path = NEBaseController.m; sourceTree = "<group>"; };
		33AEBB321EA4FADA001FF0C4 /* NETabbarController.h */ = {isa = PBXFileReference; fileEncoding = 4; lastKnownFileType = sourcecode.c.h; path = NETabbarController.h; sourceTree = "<group>"; };
		33AEBB331EA4FADA001FF0C4 /* NETabbarController.m */ = {isa = PBXFileReference; fileEncoding = 4; lastKnownFileType = sourcecode.c.objc; path = NETabbarController.m; sourceTree = "<group>"; };
		33AEBB371EA4FB0A001FF0C4 /* HomeController.h */ = {isa = PBXFileReference; fileEncoding = 4; lastKnownFileType = sourcecode.c.h; path = HomeController.h; sourceTree = "<group>"; };
		33AEBB381EA4FB0A001FF0C4 /* HomeController.m */ = {isa = PBXFileReference; fileEncoding = 4; lastKnownFileType = sourcecode.c.objc; path = HomeController.m; sourceTree = "<group>"; };
		33AEBB581EA5A7E6001FF0C4 /* SongSheetViewController.h */ = {isa = PBXFileReference; fileEncoding = 4; lastKnownFileType = sourcecode.c.h; path = SongSheetViewController.h; sourceTree = "<group>"; };
		33AEBB591EA5A7E6001FF0C4 /* SongSheetViewController.m */ = {isa = PBXFileReference; fileEncoding = 4; lastKnownFileType = sourcecode.c.objc; path = SongSheetViewController.m; sourceTree = "<group>"; };
		33AEBB5A1EA5A7E6001FF0C4 /* SongSheetViewController.xib */ = {isa = PBXFileReference; fileEncoding = 4; lastKnownFileType = file.xib; path = SongSheetViewController.xib; sourceTree = "<group>"; };
		33AEBB611EA5A851001FF0C4 /* RankViewController.h */ = {isa = PBXFileReference; fileEncoding = 4; lastKnownFileType = sourcecode.c.h; path = RankViewController.h; sourceTree = "<group>"; };
		33AEBB621EA5A851001FF0C4 /* RankViewController.m */ = {isa = PBXFileReference; fileEncoding = 4; lastKnownFileType = sourcecode.c.objc; path = RankViewController.m; sourceTree = "<group>"; };
		33AEBB631EA5A851001FF0C4 /* RankViewController.xib */ = {isa = PBXFileReference; fileEncoding = 4; lastKnownFileType = file.xib; path = RankViewController.xib; sourceTree = "<group>"; };
		33AEBB6A1EA5A85A001FF0C4 /* PersonalityViewController.h */ = {isa = PBXFileReference; fileEncoding = 4; lastKnownFileType = sourcecode.c.h; path = PersonalityViewController.h; sourceTree = "<group>"; };
		33AEBB6B1EA5A85A001FF0C4 /* PersonalityViewController.m */ = {isa = PBXFileReference; fileEncoding = 4; lastKnownFileType = sourcecode.c.objc; path = PersonalityViewController.m; sourceTree = "<group>"; };
		33AEBB6C1EA5A85A001FF0C4 /* PersonalityViewController.xib */ = {isa = PBXFileReference; fileEncoding = 4; lastKnownFileType = file.xib; path = PersonalityViewController.xib; sourceTree = "<group>"; };
		33AEBB7E1EA5AC93001FF0C4 /* UIColor+SYAdd.h */ = {isa = PBXFileReference; fileEncoding = 4; lastKnownFileType = sourcecode.c.h; path = "UIColor+SYAdd.h"; sourceTree = "<group>"; };
		33AEBB7F1EA5AC93001FF0C4 /* UIColor+SYAdd.m */ = {isa = PBXFileReference; fileEncoding = 4; lastKnownFileType = sourcecode.c.objc; path = "UIColor+SYAdd.m"; sourceTree = "<group>"; };
		33AEBB811EA5B2C1001FF0C4 /* SYCategory.h */ = {isa = PBXFileReference; fileEncoding = 4; lastKnownFileType = sourcecode.c.h; path = SYCategory.h; sourceTree = "<group>"; };
		33AEBB821EA5B317001FF0C4 /* RadioViewController.h */ = {isa = PBXFileReference; fileEncoding = 4; lastKnownFileType = sourcecode.c.h; path = RadioViewController.h; sourceTree = "<group>"; };
		33AEBB831EA5B317001FF0C4 /* RadioViewController.m */ = {isa = PBXFileReference; fileEncoding = 4; lastKnownFileType = sourcecode.c.objc; path = RadioViewController.m; sourceTree = "<group>"; };
		33AEBB841EA5B317001FF0C4 /* RadioViewController.xib */ = {isa = PBXFileReference; fileEncoding = 4; lastKnownFileType = file.xib; path = RadioViewController.xib; sourceTree = "<group>"; };
		33AEBB871EA5B370001FF0C4 /* UIDevice+SYAdd.h */ = {isa = PBXFileReference; fileEncoding = 4; lastKnownFileType = sourcecode.c.h; path = "UIDevice+SYAdd.h"; sourceTree = "<group>"; };
		33AEBB881EA5B370001FF0C4 /* UIDevice+SYAdd.m */ = {isa = PBXFileReference; fileEncoding = 4; lastKnownFileType = sourcecode.c.objc; path = "UIDevice+SYAdd.m"; sourceTree = "<group>"; };
		33AEBB8B1EA5CC9C001FF0C4 /* NSString+SYAdd.h */ = {isa = PBXFileReference; fileEncoding = 4; lastKnownFileType = sourcecode.c.h; path = "NSString+SYAdd.h"; sourceTree = "<group>"; };
		33AEBB8C1EA5CC9C001FF0C4 /* NSString+SYAdd.m */ = {isa = PBXFileReference; fileEncoding = 4; lastKnownFileType = sourcecode.c.objc; path = "NSString+SYAdd.m"; sourceTree = "<group>"; };
		33AEBB8E1EA5CCAE001FF0C4 /* NSArray+SYAdd.h */ = {isa = PBXFileReference; fileEncoding = 4; lastKnownFileType = sourcecode.c.h; path = "NSArray+SYAdd.h"; sourceTree = "<group>"; };
		33AEBB8F1EA5CCAE001FF0C4 /* NSArray+SYAdd.m */ = {isa = PBXFileReference; fileEncoding = 4; lastKnownFileType = sourcecode.c.objc; path = "NSArray+SYAdd.m"; sourceTree = "<group>"; };
		33AEBB911EA5D527001FF0C4 /* NSDictionary+SYAdd.h */ = {isa = PBXFileReference; fileEncoding = 4; lastKnownFileType = sourcecode.c.h; path = "NSDictionary+SYAdd.h"; sourceTree = "<group>"; };
		33AEBB921EA5D527001FF0C4 /* NSDictionary+SYAdd.m */ = {isa = PBXFileReference; fileEncoding = 4; lastKnownFileType = sourcecode.c.objc; path = "NSDictionary+SYAdd.m"; sourceTree = "<group>"; };
		7162621B7511145A510BA3B6 /* Pods-fake-netease-music.release.xcconfig */ = {isa = PBXFileReference; includeInIndex = 1; lastKnownFileType = text.xcconfig; name = "Pods-fake-netease-music.release.xcconfig"; path = "Pods/Target Support Files/Pods-fake-netease-music/Pods-fake-netease-music.release.xcconfig"; sourceTree = "<group>"; };
		943D84572452F68D2A0A4E57 /* Pods-fake-netease-music.debug.xcconfig */ = {isa = PBXFileReference; includeInIndex = 1; lastKnownFileType = text.xcconfig; name = "Pods-fake-netease-music.debug.xcconfig"; path = "Pods/Target Support Files/Pods-fake-netease-music/Pods-fake-netease-music.debug.xcconfig"; sourceTree = "<group>"; };
		C596FC35D673167B0E8CA196 /* libPods-fake-netease-music.a */ = {isa = PBXFileReference; explicitFileType = archive.ar; includeInIndex = 0; path = "libPods-fake-netease-music.a"; sourceTree = BUILT_PRODUCTS_DIR; };
/* End PBXFileReference section */

/* Begin PBXFrameworksBuildPhase section */
		33AEBA851EA4E8E1001FF0C4 /* Frameworks */ = {
			isa = PBXFrameworksBuildPhase;
			buildActionMask = 2147483647;
			files = (
				18A2BCB11EA513450001ED7F /* SYNetworkFramework.framework in Frameworks */,
				82F247F5AE0BCACF08AC5742 /* libPods-fake-netease-music.a in Frameworks */,
			);
			runOnlyForDeploymentPostprocessing = 0;
		};
/* End PBXFrameworksBuildPhase section */

/* Begin PBXGroup section */
		33AEBA7F1EA4E8E1001FF0C4 = {
			isa = PBXGroup;
			children = (
				33AEBA8A1EA4E8E1001FF0C4 /* fake-netease-music */,
				33AEBA891EA4E8E1001FF0C4 /* Products */,
				DEA6B1A63BB8E7BC86CE93E4 /* Pods */,
				42B6E6B532E16A68E02CCAF4 /* Frameworks */,
			);
			sourceTree = "<group>";
		};
		33AEBA891EA4E8E1001FF0C4 /* Products */ = {
			isa = PBXGroup;
			children = (
				33AEBA881EA4E8E1001FF0C4 /* fake-netease-music.app */,
			);
			name = Products;
			sourceTree = "<group>";
		};
		33AEBA8A1EA4E8E1001FF0C4 /* fake-netease-music */ = {
			isa = PBXGroup;
			children = (
				33AEBAA61EA4EFD6001FF0C4 /* Resource */,
				33AEBAA21EA4EFAB001FF0C4 /* General */,
				33AEBAA31EA4EFAB001FF0C4 /* Section */,
				33AEBAA41EA4EFAB001FF0C4 /* Vendor */,
				33AEBAA51EA4EFAB001FF0C4 /* App */,
				33AEBA8B1EA4E8E1001FF0C4 /* Supporting Files */,
			);
			path = "fake-netease-music";
			sourceTree = "<group>";
		};
		33AEBA8B1EA4E8E1001FF0C4 /* Supporting Files */ = {
			isa = PBXGroup;
			children = (
				33AEBA911EA4E8E1001FF0C4 /* ViewController.h */,
				33AEBA921EA4E8E1001FF0C4 /* ViewController.m */,
				33AEBA941EA4E8E1001FF0C4 /* Main.storyboard */,
				33AEBA991EA4E8E1001FF0C4 /* LaunchScreen.storyboard */,
				33AEBA9C1EA4E8E1001FF0C4 /* Info.plist */,
				33AEBA8C1EA4E8E1001FF0C4 /* main.m */,
			);
			name = "Supporting Files";
			sourceTree = "<group>";
		};
		33AEBAA21EA4EFAB001FF0C4 /* General */ = {
			isa = PBXGroup;
			children = (
				33AEBB7B1EA5A9C6001FF0C4 /* SYKit */,
			);
			path = General;
			sourceTree = "<group>";
		};
		33AEBAA31EA4EFAB001FF0C4 /* Section */ = {
			isa = PBXGroup;
			children = (
				33AEBB351EA4FAEA001FF0C4 /* Home */,
			);
			path = Section;
			sourceTree = "<group>";
		};
		33AEBAA41EA4EFAB001FF0C4 /* Vendor */ = {
			isa = PBXGroup;
			children = (
			);
			path = Vendor;
			sourceTree = "<group>";
		};
		33AEBAA51EA4EFAB001FF0C4 /* App */ = {
			isa = PBXGroup;
			children = (
				33AEBAA91EA4F0B2001FF0C4 /* AppConfig */,
				33AEBAA81EA4F0A6001FF0C4 /* AppDelegate */,
				33AEBAA71EA4F098001FF0C4 /* AppBase */,
			);
			path = App;
			sourceTree = "<group>";
		};
		33AEBAA61EA4EFD6001FF0C4 /* Resource */ = {
			isa = PBXGroup;
			children = (
				33AEBA971EA4E8E1001FF0C4 /* Assets.xcassets */,
			);
			path = Resource;
			sourceTree = "<group>";
		};
		33AEBAA71EA4F098001FF0C4 /* AppBase */ = {
			isa = PBXGroup;
			children = (
				33AEBB2C1EA4FAA5001FF0C4 /* NENavigationController.h */,
				33AEBB2D1EA4FAA5001FF0C4 /* NENavigationController.m */,
				33AEBB2F1EA4FABD001FF0C4 /* NEBaseController.h */,
				33AEBB301EA4FABD001FF0C4 /* NEBaseController.m */,
				33AEBB321EA4FADA001FF0C4 /* NETabbarController.h */,
				33AEBB331EA4FADA001FF0C4 /* NETabbarController.m */,
			);
			path = AppBase;
			sourceTree = "<group>";
		};
		33AEBAA81EA4F0A6001FF0C4 /* AppDelegate */ = {
			isa = PBXGroup;
			children = (
				33AEBA8E1EA4E8E1001FF0C4 /* AppDelegate.h */,
				33AEBA8F1EA4E8E1001FF0C4 /* AppDelegate.m */,
			);
			path = AppDelegate;
			sourceTree = "<group>";
		};
		33AEBAA91EA4F0B2001FF0C4 /* AppConfig */ = {
			isa = PBXGroup;
			children = (
				33AEBB271EA4F469001FF0C4 /* NEBaseRequest.h */,
				33AEBB281EA4F469001FF0C4 /* NEBaseRequest.m */,
			);
			path = AppConfig;
			sourceTree = "<group>";
		};
		33AEBB351EA4FAEA001FF0C4 /* Home */ = {
			isa = PBXGroup;
			children = (
				33AEBB511EA5A74E001FF0C4 /* SongSheet */,
				33AEBB3F1EA5A746001FF0C4 /* Rank */,
				33AEBB431EA5A746001FF0C4 /* Personality */,
				33AEBB471EA5A746001FF0C4 /* Radio */,
				33AEBB361EA4FAFC001FF0C4 /* HomePager */,
			);
			path = Home;
			sourceTree = "<group>";
		};
		33AEBB361EA4FAFC001FF0C4 /* HomePager */ = {
			isa = PBXGroup;
			children = (
				33AEBB371EA4FB0A001FF0C4 /* HomeController.h */,
				33AEBB381EA4FB0A001FF0C4 /* HomeController.m */,
			);
			path = HomePager;
			sourceTree = "<group>";
		};
		33AEBB3F1EA5A746001FF0C4 /* Rank */ = {
			isa = PBXGroup;
			children = (
				33AEBB601EA5A851001FF0C4 /* Controller */,
				33AEBB641EA5A851001FF0C4 /* ViewModel */,
				33AEBB651EA5A851001FF0C4 /* Model */,
				33AEBB661EA5A851001FF0C4 /* View */,
			);
			path = Rank;
			sourceTree = "<group>";
		};
		33AEBB431EA5A746001FF0C4 /* Personality */ = {
			isa = PBXGroup;
			children = (
				33AEBB691EA5A85A001FF0C4 /* Controller */,
				33AEBB6D1EA5A85A001FF0C4 /* ViewModel */,
				33AEBB6E1EA5A85A001FF0C4 /* Model */,
				33AEBB6F1EA5A85A001FF0C4 /* View */,
			);
			path = Personality;
			sourceTree = "<group>";
		};
		33AEBB471EA5A746001FF0C4 /* Radio */ = {
			isa = PBXGroup;
			children = (
				33AEBB721EA5A865001FF0C4 /* Controller */,
				33AEBB761EA5A865001FF0C4 /* ViewModel */,
				33AEBB771EA5A865001FF0C4 /* Model */,
				33AEBB781EA5A865001FF0C4 /* View */,
			);
			path = Radio;
			sourceTree = "<group>";
		};
		33AEBB511EA5A74E001FF0C4 /* SongSheet */ = {
			isa = PBXGroup;
			children = (
				33AEBB571EA5A7E6001FF0C4 /* Controller */,
				33AEBB5B1EA5A7E6001FF0C4 /* ViewModel */,
				33AEBB5C1EA5A7E6001FF0C4 /* Model */,
				33AEBB5D1EA5A7E6001FF0C4 /* View */,
			);
			path = SongSheet;
			sourceTree = "<group>";
		};
		33AEBB571EA5A7E6001FF0C4 /* Controller */ = {
			isa = PBXGroup;
			children = (
				33AEBB581EA5A7E6001FF0C4 /* SongSheetViewController.h */,
				33AEBB591EA5A7E6001FF0C4 /* SongSheetViewController.m */,
				33AEBB5A1EA5A7E6001FF0C4 /* SongSheetViewController.xib */,
			);
			path = Controller;
			sourceTree = "<group>";
		};
		33AEBB5B1EA5A7E6001FF0C4 /* ViewModel */ = {
			isa = PBXGroup;
			children = (
			);
			path = ViewModel;
			sourceTree = "<group>";
		};
		33AEBB5C1EA5A7E6001FF0C4 /* Model */ = {
			isa = PBXGroup;
			children = (
			);
			path = Model;
			sourceTree = "<group>";
		};
		33AEBB5D1EA5A7E6001FF0C4 /* View */ = {
			isa = PBXGroup;
			children = (
			);
			path = View;
			sourceTree = "<group>";
		};
		33AEBB601EA5A851001FF0C4 /* Controller */ = {
			isa = PBXGroup;
			children = (
				33AEBB611EA5A851001FF0C4 /* RankViewController.h */,
				33AEBB621EA5A851001FF0C4 /* RankViewController.m */,
				33AEBB631EA5A851001FF0C4 /* RankViewController.xib */,
			);
			path = Controller;
			sourceTree = "<group>";
		};
		33AEBB641EA5A851001FF0C4 /* ViewModel */ = {
			isa = PBXGroup;
			children = (
			);
			path = ViewModel;
			sourceTree = "<group>";
		};
		33AEBB651EA5A851001FF0C4 /* Model */ = {
			isa = PBXGroup;
			children = (
			);
			path = Model;
			sourceTree = "<group>";
		};
		33AEBB661EA5A851001FF0C4 /* View */ = {
			isa = PBXGroup;
			children = (
			);
			path = View;
			sourceTree = "<group>";
		};
		33AEBB691EA5A85A001FF0C4 /* Controller */ = {
			isa = PBXGroup;
			children = (
				33AEBB6A1EA5A85A001FF0C4 /* PersonalityViewController.h */,
				33AEBB6B1EA5A85A001FF0C4 /* PersonalityViewController.m */,
				33AEBB6C1EA5A85A001FF0C4 /* PersonalityViewController.xib */,
			);
			path = Controller;
			sourceTree = "<group>";
		};
		33AEBB6D1EA5A85A001FF0C4 /* ViewModel */ = {
			isa = PBXGroup;
			children = (
			);
			path = ViewModel;
			sourceTree = "<group>";
		};
		33AEBB6E1EA5A85A001FF0C4 /* Model */ = {
			isa = PBXGroup;
			children = (
			);
			path = Model;
			sourceTree = "<group>";
		};
		33AEBB6F1EA5A85A001FF0C4 /* View */ = {
			isa = PBXGroup;
			children = (
			);
			path = View;
			sourceTree = "<group>";
		};
		33AEBB721EA5A865001FF0C4 /* Controller */ = {
			isa = PBXGroup;
			children = (
				33AEBB821EA5B317001FF0C4 /* RadioViewController.h */,
				33AEBB831EA5B317001FF0C4 /* RadioViewController.m */,
				33AEBB841EA5B317001FF0C4 /* RadioViewController.xib */,
			);
			path = Controller;
			sourceTree = "<group>";
		};
		33AEBB761EA5A865001FF0C4 /* ViewModel */ = {
			isa = PBXGroup;
			children = (
			);
			path = ViewModel;
			sourceTree = "<group>";
		};
		33AEBB771EA5A865001FF0C4 /* Model */ = {
			isa = PBXGroup;
			children = (
			);
			path = Model;
			sourceTree = "<group>";
		};
		33AEBB781EA5A865001FF0C4 /* View */ = {
			isa = PBXGroup;
			children = (
			);
			path = View;
			sourceTree = "<group>";
		};
		33AEBB7B1EA5A9C6001FF0C4 /* SYKit */ = {
			isa = PBXGroup;
			children = (
				33AEBB7C1EA5AA10001FF0C4 /* Category */,
			);
			path = SYKit;
			sourceTree = "<group>";
		};
		33AEBB7C1EA5AA10001FF0C4 /* Category */ = {
			isa = PBXGroup;
			children = (
				33AEBB811EA5B2C1001FF0C4 /* SYCategory.h */,
				33AEBB8A1EA5CC8E001FF0C4 /* Foundation */,
				33AEBB7D1EA5AC74001FF0C4 /* UIKit */,
			);
			path = Category;
			sourceTree = "<group>";
		};
		33AEBB7D1EA5AC74001FF0C4 /* UIKit */ = {
			isa = PBXGroup;
			children = (
				33AEBB7E1EA5AC93001FF0C4 /* UIColor+SYAdd.h */,
				33AEBB7F1EA5AC93001FF0C4 /* UIColor+SYAdd.m */,
				33AEBB871EA5B370001FF0C4 /* UIDevice+SYAdd.h */,
				33AEBB881EA5B370001FF0C4 /* UIDevice+SYAdd.m */,
			);
			path = UIKit;
			sourceTree = "<group>";
		};
		33AEBB8A1EA5CC8E001FF0C4 /* Foundation */ = {
			isa = PBXGroup;
			children = (
				33AEBB8B1EA5CC9C001FF0C4 /* NSString+SYAdd.h */,
				33AEBB8C1EA5CC9C001FF0C4 /* NSString+SYAdd.m */,
				33AEBB8E1EA5CCAE001FF0C4 /* NSArray+SYAdd.h */,
				33AEBB8F1EA5CCAE001FF0C4 /* NSArray+SYAdd.m */,
				33AEBB911EA5D527001FF0C4 /* NSDictionary+SYAdd.h */,
				33AEBB921EA5D527001FF0C4 /* NSDictionary+SYAdd.m */,
			);
			path = Foundation;
			sourceTree = "<group>";
		};
		42B6E6B532E16A68E02CCAF4 /* Frameworks */ = {
			isa = PBXGroup;
			children = (
				18A2BCB01EA513450001ED7F /* SYNetworkFramework.framework */,
				C596FC35D673167B0E8CA196 /* libPods-fake-netease-music.a */,
			);
			name = Frameworks;
			sourceTree = "<group>";
		};
		DEA6B1A63BB8E7BC86CE93E4 /* Pods */ = {
			isa = PBXGroup;
			children = (
				943D84572452F68D2A0A4E57 /* Pods-fake-netease-music.debug.xcconfig */,
				7162621B7511145A510BA3B6 /* Pods-fake-netease-music.release.xcconfig */,
			);
			name = Pods;
			sourceTree = "<group>";
		};
/* End PBXGroup section */

/* Begin PBXNativeTarget section */
		33AEBA871EA4E8E1001FF0C4 /* fake-netease-music */ = {
			isa = PBXNativeTarget;
			buildConfigurationList = 33AEBA9F1EA4E8E1001FF0C4 /* Build configuration list for PBXNativeTarget "fake-netease-music" */;
			buildPhases = (
				452E255DA4927EC139CDBD3E /* [CP] Check Pods Manifest.lock */,
				33AEBA841EA4E8E1001FF0C4 /* Sources */,
				33AEBA851EA4E8E1001FF0C4 /* Frameworks */,
				33AEBA861EA4E8E1001FF0C4 /* Resources */,
				4CC2D537E37D2D7AC798F5AD /* [CP] Embed Pods Frameworks */,
				ED03C05FBB44EA9183172E6B /* [CP] Copy Pods Resources */,
				33AEBAC91EA4F11F001FF0C4 /* Embed Frameworks */,
			);
			buildRules = (
			);
			dependencies = (
			);
			name = "fake-netease-music";
			productName = "fake-netease-music";
			productReference = 33AEBA881EA4E8E1001FF0C4 /* fake-netease-music.app */;
			productType = "com.apple.product-type.application";
		};
/* End PBXNativeTarget section */

/* Begin PBXProject section */
		33AEBA801EA4E8E1001FF0C4 /* Project object */ = {
			isa = PBXProject;
			attributes = {
				LastUpgradeCheck = 0830;
				ORGANIZATIONNAME = CepheusSun;
				TargetAttributes = {
					33AEBA871EA4E8E1001FF0C4 = {
						CreatedOnToolsVersion = 8.3.1;
						DevelopmentTeam = 552B69TXM9;
						ProvisioningStyle = Automatic;
					};
				};
			};
			buildConfigurationList = 33AEBA831EA4E8E1001FF0C4 /* Build configuration list for PBXProject "fake-netease-music" */;
			compatibilityVersion = "Xcode 3.2";
			developmentRegion = English;
			hasScannedForEncodings = 0;
			knownRegions = (
				en,
				Base,
			);
			mainGroup = 33AEBA7F1EA4E8E1001FF0C4;
			productRefGroup = 33AEBA891EA4E8E1001FF0C4 /* Products */;
			projectDirPath = "";
			projectRoot = "";
			targets = (
				33AEBA871EA4E8E1001FF0C4 /* fake-netease-music */,
			);
		};
/* End PBXProject section */

/* Begin PBXResourcesBuildPhase section */
		33AEBA861EA4E8E1001FF0C4 /* Resources */ = {
			isa = PBXResourcesBuildPhase;
			buildActionMask = 2147483647;
			files = (
				33AEBA9B1EA4E8E1001FF0C4 /* LaunchScreen.storyboard in Resources */,
				33AEBB711EA5A85A001FF0C4 /* PersonalityViewController.xib in Resources */,
				33AEBA981EA4E8E1001FF0C4 /* Assets.xcassets in Resources */,
				33AEBB5F1EA5A7E6001FF0C4 /* SongSheetViewController.xib in Resources */,
				33AEBB681EA5A851001FF0C4 /* RankViewController.xib in Resources */,
				33AEBA961EA4E8E1001FF0C4 /* Main.storyboard in Resources */,
				33AEBB861EA5B317001FF0C4 /* RadioViewController.xib in Resources */,
			);
			runOnlyForDeploymentPostprocessing = 0;
		};
/* End PBXResourcesBuildPhase section */

/* Begin PBXShellScriptBuildPhase section */
		452E255DA4927EC139CDBD3E /* [CP] Check Pods Manifest.lock */ = {
			isa = PBXShellScriptBuildPhase;
			buildActionMask = 2147483647;
			files = (
			);
			inputPaths = (
			);
			name = "[CP] Check Pods Manifest.lock";
			outputPaths = (
			);
			runOnlyForDeploymentPostprocessing = 0;
			shellPath = /bin/sh;
			shellScript = "diff \"${PODS_PODFILE_DIR_PATH}/Podfile.lock\" \"${PODS_ROOT}/Manifest.lock\" > /dev/null\nif [ $? != 0 ] ; then\n    # print error to STDERR\n    echo \"error: The sandbox is not in sync with the Podfile.lock. Run 'pod install' or update your CocoaPods installation.\" >&2\n    exit 1\nfi\n";
			showEnvVarsInLog = 0;
		};
		4CC2D537E37D2D7AC798F5AD /* [CP] Embed Pods Frameworks */ = {
			isa = PBXShellScriptBuildPhase;
			buildActionMask = 2147483647;
			files = (
			);
			inputPaths = (
			);
			name = "[CP] Embed Pods Frameworks";
			outputPaths = (
			);
			runOnlyForDeploymentPostprocessing = 0;
			shellPath = /bin/sh;
			shellScript = "\"${SRCROOT}/Pods/Target Support Files/Pods-fake-netease-music/Pods-fake-netease-music-frameworks.sh\"\n";
			showEnvVarsInLog = 0;
		};
		ED03C05FBB44EA9183172E6B /* [CP] Copy Pods Resources */ = {
			isa = PBXShellScriptBuildPhase;
			buildActionMask = 2147483647;
			files = (
			);
			inputPaths = (
			);
			name = "[CP] Copy Pods Resources";
			outputPaths = (
			);
			runOnlyForDeploymentPostprocessing = 0;
			shellPath = /bin/sh;
			shellScript = "\"${SRCROOT}/Pods/Target Support Files/Pods-fake-netease-music/Pods-fake-netease-music-resources.sh\"\n";
			showEnvVarsInLog = 0;
		};
/* End PBXShellScriptBuildPhase section */

/* Begin PBXSourcesBuildPhase section */
		33AEBA841EA4E8E1001FF0C4 /* Sources */ = {
			isa = PBXSourcesBuildPhase;
			buildActionMask = 2147483647;
			files = (
				33AEBB391EA4FB0A001FF0C4 /* HomeController.m in Sources */,
				33AEBB891EA5B370001FF0C4 /* UIDevice+SYAdd.m in Sources */,
				33AEBA931EA4E8E1001FF0C4 /* ViewController.m in Sources */,
				33AEBB801EA5AC93001FF0C4 /* UIColor+SYAdd.m in Sources */,
				33AEBB671EA5A851001FF0C4 /* RankViewController.m in Sources */,
				33AEBB291EA4F469001FF0C4 /* NEBaseRequest.m in Sources */,
				33AEBB2E1EA4FAA5001FF0C4 /* NENavigationController.m in Sources */,
				33AEBA901EA4E8E1001FF0C4 /* AppDelegate.m in Sources */,
				33AEBB341EA4FADA001FF0C4 /* NETabbarController.m in Sources */,
				33AEBA8D1EA4E8E1001FF0C4 /* main.m in Sources */,
				33AEBB901EA5CCAE001FF0C4 /* NSArray+SYAdd.m in Sources */,
				33AEBB851EA5B317001FF0C4 /* RadioViewController.m in Sources */,
				33AEBB311EA4FABD001FF0C4 /* NEBaseController.m in Sources */,
				33AEBB5E1EA5A7E6001FF0C4 /* SongSheetViewController.m in Sources */,
				33AEBB931EA5D527001FF0C4 /* NSDictionary+SYAdd.m in Sources */,
				33AEBB701EA5A85A001FF0C4 /* PersonalityViewController.m in Sources */,
				33AEBB8D1EA5CC9C001FF0C4 /* NSString+SYAdd.m in Sources */,
			);
			runOnlyForDeploymentPostprocessing = 0;
		};
/* End PBXSourcesBuildPhase section */

/* Begin PBXVariantGroup section */
		33AEBA941EA4E8E1001FF0C4 /* Main.storyboard */ = {
			isa = PBXVariantGroup;
			children = (
				33AEBA951EA4E8E1001FF0C4 /* Base */,
			);
			name = Main.storyboard;
			sourceTree = "<group>";
		};
		33AEBA991EA4E8E1001FF0C4 /* LaunchScreen.storyboard */ = {
			isa = PBXVariantGroup;
			children = (
				33AEBA9A1EA4E8E1001FF0C4 /* Base */,
			);
			name = LaunchScreen.storyboard;
			sourceTree = "<group>";
		};
/* End PBXVariantGroup section */

/* Begin XCBuildConfiguration section */
		33AEBA9D1EA4E8E1001FF0C4 /* Debug */ = {
			isa = XCBuildConfiguration;
			buildSettings = {
				ALWAYS_SEARCH_USER_PATHS = NO;
				CLANG_ANALYZER_NONNULL = YES;
				CLANG_ANALYZER_NUMBER_OBJECT_CONVERSION = YES_AGGRESSIVE;
				CLANG_CXX_LANGUAGE_STANDARD = "gnu++0x";
				CLANG_CXX_LIBRARY = "libc++";
				CLANG_ENABLE_MODULES = YES;
				CLANG_ENABLE_OBJC_ARC = YES;
				CLANG_WARN_BOOL_CONVERSION = YES;
				CLANG_WARN_CONSTANT_CONVERSION = YES;
				CLANG_WARN_DIRECT_OBJC_ISA_USAGE = YES_ERROR;
				CLANG_WARN_DOCUMENTATION_COMMENTS = YES;
				CLANG_WARN_EMPTY_BODY = YES;
				CLANG_WARN_ENUM_CONVERSION = YES;
				CLANG_WARN_INFINITE_RECURSION = YES;
				CLANG_WARN_INT_CONVERSION = YES;
				CLANG_WARN_OBJC_ROOT_CLASS = YES_ERROR;
				CLANG_WARN_SUSPICIOUS_MOVE = YES;
				CLANG_WARN_UNREACHABLE_CODE = YES;
				CLANG_WARN__DUPLICATE_METHOD_MATCH = YES;
				"CODE_SIGN_IDENTITY[sdk=iphoneos*]" = "iPhone Developer";
				COPY_PHASE_STRIP = NO;
				DEBUG_INFORMATION_FORMAT = dwarf;
				ENABLE_STRICT_OBJC_MSGSEND = YES;
				ENABLE_TESTABILITY = YES;
				GCC_C_LANGUAGE_STANDARD = gnu99;
				GCC_DYNAMIC_NO_PIC = NO;
				GCC_NO_COMMON_BLOCKS = YES;
				GCC_OPTIMIZATION_LEVEL = 0;
				GCC_PREPROCESSOR_DEFINITIONS = (
					"DEBUG=1",
					"$(inherited)",
				);
				GCC_WARN_64_TO_32_BIT_CONVERSION = YES;
				GCC_WARN_ABOUT_RETURN_TYPE = YES_ERROR;
				GCC_WARN_UNDECLARED_SELECTOR = YES;
				GCC_WARN_UNINITIALIZED_AUTOS = YES_AGGRESSIVE;
				GCC_WARN_UNUSED_FUNCTION = YES;
				GCC_WARN_UNUSED_VARIABLE = YES;
				IPHONEOS_DEPLOYMENT_TARGET = 8.0;
				MTL_ENABLE_DEBUG_INFO = YES;
				ONLY_ACTIVE_ARCH = YES;
				SDKROOT = iphoneos;
			};
			name = Debug;
		};
		33AEBA9E1EA4E8E1001FF0C4 /* Release */ = {
			isa = XCBuildConfiguration;
			buildSettings = {
				ALWAYS_SEARCH_USER_PATHS = NO;
				CLANG_ANALYZER_NONNULL = YES;
				CLANG_ANALYZER_NUMBER_OBJECT_CONVERSION = YES_AGGRESSIVE;
				CLANG_CXX_LANGUAGE_STANDARD = "gnu++0x";
				CLANG_CXX_LIBRARY = "libc++";
				CLANG_ENABLE_MODULES = YES;
				CLANG_ENABLE_OBJC_ARC = YES;
				CLANG_WARN_BOOL_CONVERSION = YES;
				CLANG_WARN_CONSTANT_CONVERSION = YES;
				CLANG_WARN_DIRECT_OBJC_ISA_USAGE = YES_ERROR;
				CLANG_WARN_DOCUMENTATION_COMMENTS = YES;
				CLANG_WARN_EMPTY_BODY = YES;
				CLANG_WARN_ENUM_CONVERSION = YES;
				CLANG_WARN_INFINITE_RECURSION = YES;
				CLANG_WARN_INT_CONVERSION = YES;
				CLANG_WARN_OBJC_ROOT_CLASS = YES_ERROR;
				CLANG_WARN_SUSPICIOUS_MOVE = YES;
				CLANG_WARN_UNREACHABLE_CODE = YES;
				CLANG_WARN__DUPLICATE_METHOD_MATCH = YES;
				"CODE_SIGN_IDENTITY[sdk=iphoneos*]" = "iPhone Developer";
				COPY_PHASE_STRIP = NO;
				DEBUG_INFORMATION_FORMAT = "dwarf-with-dsym";
				ENABLE_NS_ASSERTIONS = NO;
				ENABLE_STRICT_OBJC_MSGSEND = YES;
				GCC_C_LANGUAGE_STANDARD = gnu99;
				GCC_NO_COMMON_BLOCKS = YES;
				GCC_WARN_64_TO_32_BIT_CONVERSION = YES;
				GCC_WARN_ABOUT_RETURN_TYPE = YES_ERROR;
				GCC_WARN_UNDECLARED_SELECTOR = YES;
				GCC_WARN_UNINITIALIZED_AUTOS = YES_AGGRESSIVE;
				GCC_WARN_UNUSED_FUNCTION = YES;
				GCC_WARN_UNUSED_VARIABLE = YES;
				IPHONEOS_DEPLOYMENT_TARGET = 8.0;
				MTL_ENABLE_DEBUG_INFO = NO;
				SDKROOT = iphoneos;
				VALIDATE_PRODUCT = YES;
			};
			name = Release;
		};
		33AEBAA01EA4E8E1001FF0C4 /* Debug */ = {
			isa = XCBuildConfiguration;
			baseConfigurationReference = 943D84572452F68D2A0A4E57 /* Pods-fake-netease-music.debug.xcconfig */;
			buildSettings = {
				ASSETCATALOG_COMPILER_APPICON_NAME = AppIcon;
				DEVELOPMENT_TEAM = 552B69TXM9;
				FRAMEWORK_SEARCH_PATHS = (
					"$(inherited)",
					"$(PROJECT_DIR)",
				);
				INFOPLIST_FILE = "fake-netease-music/Info.plist";
				IPHONEOS_DEPLOYMENT_TARGET = 8.0;
				LD_RUNPATH_SEARCH_PATHS = "$(inherited) @executable_path/Frameworks";
				PRODUCT_BUNDLE_IDENTIFIER = "com.cepheus.sun.fake-netease-music";
				PRODUCT_NAME = "$(TARGET_NAME)";
			};
			name = Debug;
		};
		33AEBAA11EA4E8E1001FF0C4 /* Release */ = {
			isa = XCBuildConfiguration;
			baseConfigurationReference = 7162621B7511145A510BA3B6 /* Pods-fake-netease-music.release.xcconfig */;
			buildSettings = {
				ASSETCATALOG_COMPILER_APPICON_NAME = AppIcon;
				DEVELOPMENT_TEAM = 552B69TXM9;
				FRAMEWORK_SEARCH_PATHS = (
					"$(inherited)",
					"$(PROJECT_DIR)",
				);
				INFOPLIST_FILE = "fake-netease-music/Info.plist";
				IPHONEOS_DEPLOYMENT_TARGET = 8.0;
				LD_RUNPATH_SEARCH_PATHS = "$(inherited) @executable_path/Frameworks";
				PRODUCT_BUNDLE_IDENTIFIER = "com.cepheus.sun.fake-netease-music";
				PRODUCT_NAME = "$(TARGET_NAME)";
			};
			name = Release;
		};
/* End XCBuildConfiguration section */

/* Begin XCConfigurationList section */
		33AEBA831EA4E8E1001FF0C4 /* Build configuration list for PBXProject "fake-netease-music" */ = {
			isa = XCConfigurationList;
			buildConfigurations = (
				33AEBA9D1EA4E8E1001FF0C4 /* Debug */,
				33AEBA9E1EA4E8E1001FF0C4 /* Release */,
			);
			defaultConfigurationIsVisible = 0;
			defaultConfigurationName = Release;
		};
		33AEBA9F1EA4E8E1001FF0C4 /* Build configuration list for PBXNativeTarget "fake-netease-music" */ = {
			isa = XCConfigurationList;
			buildConfigurations = (
				33AEBAA01EA4E8E1001FF0C4 /* Debug */,
				33AEBAA11EA4E8E1001FF0C4 /* Release */,
			);
			defaultConfigurationIsVisible = 0;
			defaultConfigurationName = Release;
		};
/* End XCConfigurationList section */
	};
	rootObject = 33AEBA801EA4E8E1001FF0C4 /* Project object */;
}
