// !$*UTF8*$!
{
	archiveVersion = 1;
	classes = {
	};
	objectVersion = 46;
	objects = {

/* Begin PBXBuildFile section */
		33AEBAB91EA4F107001FF0C4 /* SYNetwork.h in Headers */ = {isa = PBXBuildFile; fileRef = 33AEBAB71EA4F107001FF0C4 /* SYNetwork.h */; settings = {ATTRIBUTES = (Public, ); }; };
		33AEBACE1EA4F146001FF0C4 /* SYHTTPCache.h in Headers */ = {isa = PBXBuildFile; fileRef = 33AEBACA1EA4F146001FF0C4 /* SYHTTPCache.h */; };
		33AEBACF1EA4F146001FF0C4 /* SYHTTPCache.m in Sources */ = {isa = PBXBuildFile; fileRef = 33AEBACB1EA4F146001FF0C4 /* SYHTTPCache.m */; };
		33AEBAD01EA4F146001FF0C4 /* SYHTTPManager.h in Headers */ = {isa = PBXBuildFile; fileRef = 33AEBACC1EA4F146001FF0C4 /* SYHTTPManager.h */; };
		33AEBAD11EA4F146001FF0C4 /* SYHTTPManager.m in Sources */ = {isa = PBXBuildFile; fileRef = 33AEBACD1EA4F146001FF0C4 /* SYHTTPManager.m */; };
		33AEBAD51EA4F156001FF0C4 /* SYRequestProtocol.h in Headers */ = {isa = PBXBuildFile; fileRef = 33AEBAD21EA4F156001FF0C4 /* SYRequestProtocol.h */; };
		33AEBAD61EA4F156001FF0C4 /* SYResponse.h in Headers */ = {isa = PBXBuildFile; fileRef = 33AEBAD31EA4F156001FF0C4 /* SYResponse.h */; };
		33AEBAD71EA4F156001FF0C4 /* SYResponse.m in Sources */ = {isa = PBXBuildFile; fileRef = 33AEBAD41EA4F156001FF0C4 /* SYResponse.m */; };
		33AEBAFD1EA4F1DD001FF0C4 /* AFHTTPSessionManager.h in Headers */ = {isa = PBXBuildFile; fileRef = 33AEBADB1EA4F1DD001FF0C4 /* AFHTTPSessionManager.h */; };
		33AEBAFE1EA4F1DD001FF0C4 /* AFHTTPSessionManager.m in Sources */ = {isa = PBXBuildFile; fileRef = 33AEBADC1EA4F1DD001FF0C4 /* AFHTTPSessionManager.m */; };
		33AEBAFF1EA4F1DD001FF0C4 /* AFNetworking.h in Headers */ = {isa = PBXBuildFile; fileRef = 33AEBADD1EA4F1DD001FF0C4 /* AFNetworking.h */; };
		33AEBB001EA4F1DD001FF0C4 /* AFNetworkReachabilityManager.h in Headers */ = {isa = PBXBuildFile; fileRef = 33AEBADE1EA4F1DD001FF0C4 /* AFNetworkReachabilityManager.h */; };
		33AEBB011EA4F1DD001FF0C4 /* AFNetworkReachabilityManager.m in Sources */ = {isa = PBXBuildFile; fileRef = 33AEBADF1EA4F1DD001FF0C4 /* AFNetworkReachabilityManager.m */; };
		33AEBB021EA4F1DD001FF0C4 /* AFSecurityPolicy.h in Headers */ = {isa = PBXBuildFile; fileRef = 33AEBAE01EA4F1DD001FF0C4 /* AFSecurityPolicy.h */; };
		33AEBB031EA4F1DD001FF0C4 /* AFSecurityPolicy.m in Sources */ = {isa = PBXBuildFile; fileRef = 33AEBAE11EA4F1DD001FF0C4 /* AFSecurityPolicy.m */; };
		33AEBB041EA4F1DD001FF0C4 /* AFURLRequestSerialization.h in Headers */ = {isa = PBXBuildFile; fileRef = 33AEBAE21EA4F1DD001FF0C4 /* AFURLRequestSerialization.h */; };
		33AEBB051EA4F1DD001FF0C4 /* AFURLRequestSerialization.m in Sources */ = {isa = PBXBuildFile; fileRef = 33AEBAE31EA4F1DD001FF0C4 /* AFURLRequestSerialization.m */; };
		33AEBB061EA4F1DD001FF0C4 /* AFURLResponseSerialization.h in Headers */ = {isa = PBXBuildFile; fileRef = 33AEBAE41EA4F1DD001FF0C4 /* AFURLResponseSerialization.h */; };
		33AEBB071EA4F1DD001FF0C4 /* AFURLResponseSerialization.m in Sources */ = {isa = PBXBuildFile; fileRef = 33AEBAE51EA4F1DD001FF0C4 /* AFURLResponseSerialization.m */; };
		33AEBB081EA4F1DD001FF0C4 /* AFURLSessionManager.h in Headers */ = {isa = PBXBuildFile; fileRef = 33AEBAE61EA4F1DD001FF0C4 /* AFURLSessionManager.h */; };
		33AEBB091EA4F1DD001FF0C4 /* AFURLSessionManager.m in Sources */ = {isa = PBXBuildFile; fileRef = 33AEBAE71EA4F1DD001FF0C4 /* AFURLSessionManager.m */; };
		33AEBB0A1EA4F1DD001FF0C4 /* AFAutoPurgingImageCache.h in Headers */ = {isa = PBXBuildFile; fileRef = 33AEBAE91EA4F1DD001FF0C4 /* AFAutoPurgingImageCache.h */; };
		33AEBB0B1EA4F1DD001FF0C4 /* AFAutoPurgingImageCache.m in Sources */ = {isa = PBXBuildFile; fileRef = 33AEBAEA1EA4F1DD001FF0C4 /* AFAutoPurgingImageCache.m */; };
		33AEBB0C1EA4F1DD001FF0C4 /* AFImageDownloader.h in Headers */ = {isa = PBXBuildFile; fileRef = 33AEBAEB1EA4F1DD001FF0C4 /* AFImageDownloader.h */; };
		33AEBB0D1EA4F1DD001FF0C4 /* AFImageDownloader.m in Sources */ = {isa = PBXBuildFile; fileRef = 33AEBAEC1EA4F1DD001FF0C4 /* AFImageDownloader.m */; };
		33AEBB0E1EA4F1DD001FF0C4 /* AFNetworkActivityIndicatorManager.h in Headers */ = {isa = PBXBuildFile; fileRef = 33AEBAED1EA4F1DD001FF0C4 /* AFNetworkActivityIndicatorManager.h */; };
		33AEBB0F1EA4F1DD001FF0C4 /* AFNetworkActivityIndicatorManager.m in Sources */ = {isa = PBXBuildFile; fileRef = 33AEBAEE1EA4F1DD001FF0C4 /* AFNetworkActivityIndicatorManager.m */; };
		33AEBB101EA4F1DD001FF0C4 /* UIActivityIndicatorView+AFNetworking.h in Headers */ = {isa = PBXBuildFile; fileRef = 33AEBAEF1EA4F1DD001FF0C4 /* UIActivityIndicatorView+AFNetworking.h */; };
		33AEBB111EA4F1DD001FF0C4 /* UIActivityIndicatorView+AFNetworking.m in Sources */ = {isa = PBXBuildFile; fileRef = 33AEBAF01EA4F1DD001FF0C4 /* UIActivityIndicatorView+AFNetworking.m */; };
		33AEBB121EA4F1DD001FF0C4 /* UIButton+AFNetworking.h in Headers */ = {isa = PBXBuildFile; fileRef = 33AEBAF11EA4F1DD001FF0C4 /* UIButton+AFNetworking.h */; };
		33AEBB131EA4F1DD001FF0C4 /* UIButton+AFNetworking.m in Sources */ = {isa = PBXBuildFile; fileRef = 33AEBAF21EA4F1DD001FF0C4 /* UIButton+AFNetworking.m */; };
		33AEBB141EA4F1DD001FF0C4 /* UIImage+AFNetworking.h in Headers */ = {isa = PBXBuildFile; fileRef = 33AEBAF31EA4F1DD001FF0C4 /* UIImage+AFNetworking.h */; };
		33AEBB151EA4F1DD001FF0C4 /* UIImageView+AFNetworking.h in Headers */ = {isa = PBXBuildFile; fileRef = 33AEBAF41EA4F1DD001FF0C4 /* UIImageView+AFNetworking.h */; };
		33AEBB161EA4F1DD001FF0C4 /* UIImageView+AFNetworking.m in Sources */ = {isa = PBXBuildFile; fileRef = 33AEBAF51EA4F1DD001FF0C4 /* UIImageView+AFNetworking.m */; };
		33AEBB171EA4F1DD001FF0C4 /* UIKit+AFNetworking.h in Headers */ = {isa = PBXBuildFile; fileRef = 33AEBAF61EA4F1DD001FF0C4 /* UIKit+AFNetworking.h */; };
		33AEBB181EA4F1DD001FF0C4 /* UIProgressView+AFNetworking.h in Headers */ = {isa = PBXBuildFile; fileRef = 33AEBAF71EA4F1DD001FF0C4 /* UIProgressView+AFNetworking.h */; };
		33AEBB191EA4F1DD001FF0C4 /* UIProgressView+AFNetworking.m in Sources */ = {isa = PBXBuildFile; fileRef = 33AEBAF81EA4F1DD001FF0C4 /* UIProgressView+AFNetworking.m */; };
		33AEBB1A1EA4F1DD001FF0C4 /* UIRefreshControl+AFNetworking.h in Headers */ = {isa = PBXBuildFile; fileRef = 33AEBAF91EA4F1DD001FF0C4 /* UIRefreshControl+AFNetworking.h */; };
		33AEBB1B1EA4F1DD001FF0C4 /* UIRefreshControl+AFNetworking.m in Sources */ = {isa = PBXBuildFile; fileRef = 33AEBAFA1EA4F1DD001FF0C4 /* UIRefreshControl+AFNetworking.m */; };
		33AEBB1C1EA4F1DD001FF0C4 /* UIWebView+AFNetworking.h in Headers */ = {isa = PBXBuildFile; fileRef = 33AEBAFB1EA4F1DD001FF0C4 /* UIWebView+AFNetworking.h */; };
		33AEBB1D1EA4F1DD001FF0C4 /* UIWebView+AFNetworking.m in Sources */ = {isa = PBXBuildFile; fileRef = 33AEBAFC1EA4F1DD001FF0C4 /* UIWebView+AFNetworking.m */; };
/* End PBXBuildFile section */

/* Begin PBXFileReference section */
		33AEBAB41EA4F107001FF0C4 /* SYNetwork.framework */ = {isa = PBXFileReference; explicitFileType = wrapper.framework; includeInIndex = 0; path = SYNetwork.framework; sourceTree = BUILT_PRODUCTS_DIR; };
		33AEBAB71EA4F107001FF0C4 /* SYNetwork.h */ = {isa = PBXFileReference; lastKnownFileType = sourcecode.c.h; path = SYNetwork.h; sourceTree = "<group>"; };
		33AEBAB81EA4F107001FF0C4 /* Info.plist */ = {isa = PBXFileReference; lastKnownFileType = text.plist.xml; path = Info.plist; sourceTree = "<group>"; };
		33AEBACA1EA4F146001FF0C4 /* SYHTTPCache.h */ = {isa = PBXFileReference; fileEncoding = 4; lastKnownFileType = sourcecode.c.h; path = SYHTTPCache.h; sourceTree = "<group>"; };
		33AEBACB1EA4F146001FF0C4 /* SYHTTPCache.m */ = {isa = PBXFileReference; fileEncoding = 4; lastKnownFileType = sourcecode.c.objc; path = SYHTTPCache.m; sourceTree = "<group>"; };
		33AEBACC1EA4F146001FF0C4 /* SYHTTPManager.h */ = {isa = PBXFileReference; fileEncoding = 4; lastKnownFileType = sourcecode.c.h; path = SYHTTPManager.h; sourceTree = "<group>"; };
		33AEBACD1EA4F146001FF0C4 /* SYHTTPManager.m */ = {isa = PBXFileReference; fileEncoding = 4; lastKnownFileType = sourcecode.c.objc; path = SYHTTPManager.m; sourceTree = "<group>"; };
		33AEBAD21EA4F156001FF0C4 /* SYRequestProtocol.h */ = {isa = PBXFileReference; fileEncoding = 4; lastKnownFileType = sourcecode.c.h; path = SYRequestProtocol.h; sourceTree = "<group>"; };
		33AEBAD31EA4F156001FF0C4 /* SYResponse.h */ = {isa = PBXFileReference; fileEncoding = 4; lastKnownFileType = sourcecode.c.h; path = SYResponse.h; sourceTree = "<group>"; };
		33AEBAD41EA4F156001FF0C4 /* SYResponse.m */ = {isa = PBXFileReference; fileEncoding = 4; lastKnownFileType = sourcecode.c.objc; path = SYResponse.m; sourceTree = "<group>"; };
		33AEBADB1EA4F1DD001FF0C4 /* AFHTTPSessionManager.h */ = {isa = PBXFileReference; fileEncoding = 4; lastKnownFileType = sourcecode.c.h; path = AFHTTPSessionManager.h; sourceTree = "<group>"; };
		33AEBADC1EA4F1DD001FF0C4 /* AFHTTPSessionManager.m */ = {isa = PBXFileReference; fileEncoding = 4; lastKnownFileType = sourcecode.c.objc; path = AFHTTPSessionManager.m; sourceTree = "<group>"; };
		33AEBADD1EA4F1DD001FF0C4 /* AFNetworking.h */ = {isa = PBXFileReference; fileEncoding = 4; lastKnownFileType = sourcecode.c.h; path = AFNetworking.h; sourceTree = "<group>"; };
		33AEBADE1EA4F1DD001FF0C4 /* AFNetworkReachabilityManager.h */ = {isa = PBXFileReference; fileEncoding = 4; lastKnownFileType = sourcecode.c.h; path = AFNetworkReachabilityManager.h; sourceTree = "<group>"; };
		33AEBADF1EA4F1DD001FF0C4 /* AFNetworkReachabilityManager.m */ = {isa = PBXFileReference; fileEncoding = 4; lastKnownFileType = sourcecode.c.objc; path = AFNetworkReachabilityManager.m; sourceTree = "<group>"; };
		33AEBAE01EA4F1DD001FF0C4 /* AFSecurityPolicy.h */ = {isa = PBXFileReference; fileEncoding = 4; lastKnownFileType = sourcecode.c.h; path = AFSecurityPolicy.h; sourceTree = "<group>"; };
		33AEBAE11EA4F1DD001FF0C4 /* AFSecurityPolicy.m */ = {isa = PBXFileReference; fileEncoding = 4; lastKnownFileType = sourcecode.c.objc; path = AFSecurityPolicy.m; sourceTree = "<group>"; };
		33AEBAE21EA4F1DD001FF0C4 /* AFURLRequestSerialization.h */ = {isa = PBXFileReference; fileEncoding = 4; lastKnownFileType = sourcecode.c.h; path = AFURLRequestSerialization.h; sourceTree = "<group>"; };
		33AEBAE31EA4F1DD001FF0C4 /* AFURLRequestSerialization.m */ = {isa = PBXFileReference; fileEncoding = 4; lastKnownFileType = sourcecode.c.objc; path = AFURLRequestSerialization.m; sourceTree = "<group>"; };
		33AEBAE41EA4F1DD001FF0C4 /* AFURLResponseSerialization.h */ = {isa = PBXFileReference; fileEncoding = 4; lastKnownFileType = sourcecode.c.h; path = AFURLResponseSerialization.h; sourceTree = "<group>"; };
		33AEBAE51EA4F1DD001FF0C4 /* AFURLResponseSerialization.m */ = {isa = PBXFileReference; fileEncoding = 4; lastKnownFileType = sourcecode.c.objc; path = AFURLResponseSerialization.m; sourceTree = "<group>"; };
		33AEBAE61EA4F1DD001FF0C4 /* AFURLSessionManager.h */ = {isa = PBXFileReference; fileEncoding = 4; lastKnownFileType = sourcecode.c.h; path = AFURLSessionManager.h; sourceTree = "<group>"; };
		33AEBAE71EA4F1DD001FF0C4 /* AFURLSessionManager.m */ = {isa = PBXFileReference; fileEncoding = 4; lastKnownFileType = sourcecode.c.objc; path = AFURLSessionManager.m; sourceTree = "<group>"; };
		33AEBAE91EA4F1DD001FF0C4 /* AFAutoPurgingImageCache.h */ = {isa = PBXFileReference; fileEncoding = 4; lastKnownFileType = sourcecode.c.h; path = AFAutoPurgingImageCache.h; sourceTree = "<group>"; };
		33AEBAEA1EA4F1DD001FF0C4 /* AFAutoPurgingImageCache.m */ = {isa = PBXFileReference; fileEncoding = 4; lastKnownFileType = sourcecode.c.objc; path = AFAutoPurgingImageCache.m; sourceTree = "<group>"; };
		33AEBAEB1EA4F1DD001FF0C4 /* AFImageDownloader.h */ = {isa = PBXFileReference; fileEncoding = 4; lastKnownFileType = sourcecode.c.h; path = AFImageDownloader.h; sourceTree = "<group>"; };
		33AEBAEC1EA4F1DD001FF0C4 /* AFImageDownloader.m */ = {isa = PBXFileReference; fileEncoding = 4; lastKnownFileType = sourcecode.c.objc; path = AFImageDownloader.m; sourceTree = "<group>"; };
		33AEBAED1EA4F1DD001FF0C4 /* AFNetworkActivityIndicatorManager.h */ = {isa = PBXFileReference; fileEncoding = 4; lastKnownFileType = sourcecode.c.h; path = AFNetworkActivityIndicatorManager.h; sourceTree = "<group>"; };
		33AEBAEE1EA4F1DD001FF0C4 /* AFNetworkActivityIndicatorManager.m */ = {isa = PBXFileReference; fileEncoding = 4; lastKnownFileType = sourcecode.c.objc; path = AFNetworkActivityIndicatorManager.m; sourceTree = "<group>"; };
		33AEBAEF1EA4F1DD001FF0C4 /* UIActivityIndicatorView+AFNetworking.h */ = {isa = PBXFileReference; fileEncoding = 4; lastKnownFileType = sourcecode.c.h; path = "UIActivityIndicatorView+AFNetworking.h"; sourceTree = "<group>"; };
		33AEBAF01EA4F1DD001FF0C4 /* UIActivityIndicatorView+AFNetworking.m */ = {isa = PBXFileReference; fileEncoding = 4; lastKnownFileType = sourcecode.c.objc; path = "UIActivityIndicatorView+AFNetworking.m"; sourceTree = "<group>"; };
		33AEBAF11EA4F1DD001FF0C4 /* UIButton+AFNetworking.h */ = {isa = PBXFileReference; fileEncoding = 4; lastKnownFileType = sourcecode.c.h; path = "UIButton+AFNetworking.h"; sourceTree = "<group>"; };
		33AEBAF21EA4F1DD001FF0C4 /* UIButton+AFNetworking.m */ = {isa = PBXFileReference; fileEncoding = 4; lastKnownFileType = sourcecode.c.objc; path = "UIButton+AFNetworking.m"; sourceTree = "<group>"; };
		33AEBAF31EA4F1DD001FF0C4 /* UIImage+AFNetworking.h */ = {isa = PBXFileReference; fileEncoding = 4; lastKnownFileType = sourcecode.c.h; path = "UIImage+AFNetworking.h"; sourceTree = "<group>"; };
		33AEBAF41EA4F1DD001FF0C4 /* UIImageView+AFNetworking.h */ = {isa = PBXFileReference; fileEncoding = 4; lastKnownFileType = sourcecode.c.h; path = "UIImageView+AFNetworking.h"; sourceTree = "<group>"; };
		33AEBAF51EA4F1DD001FF0C4 /* UIImageView+AFNetworking.m */ = {isa = PBXFileReference; fileEncoding = 4; lastKnownFileType = sourcecode.c.objc; path = "UIImageView+AFNetworking.m"; sourceTree = "<group>"; };
		33AEBAF61EA4F1DD001FF0C4 /* UIKit+AFNetworking.h */ = {isa = PBXFileReference; fileEncoding = 4; lastKnownFileType = sourcecode.c.h; path = "UIKit+AFNetworking.h"; sourceTree = "<group>"; };
		33AEBAF71EA4F1DD001FF0C4 /* UIProgressView+AFNetworking.h */ = {isa = PBXFileReference; fileEncoding = 4; lastKnownFileType = sourcecode.c.h; path = "UIProgressView+AFNetworking.h"; sourceTree = "<group>"; };
		33AEBAF81EA4F1DD001FF0C4 /* UIProgressView+AFNetworking.m */ = {isa = PBXFileReference; fileEncoding = 4; lastKnownFileType = sourcecode.c.objc; path = "UIProgressView+AFNetworking.m"; sourceTree = "<group>"; };
		33AEBAF91EA4F1DD001FF0C4 /* UIRefreshControl+AFNetworking.h */ = {isa = PBXFileReference; fileEncoding = 4; lastKnownFileType = sourcecode.c.h; path = "UIRefreshControl+AFNetworking.h"; sourceTree = "<group>"; };
		33AEBAFA1EA4F1DD001FF0C4 /* UIRefreshControl+AFNetworking.m */ = {isa = PBXFileReference; fileEncoding = 4; lastKnownFileType = sourcecode.c.objc; path = "UIRefreshControl+AFNetworking.m"; sourceTree = "<group>"; };
		33AEBAFB1EA4F1DD001FF0C4 /* UIWebView+AFNetworking.h */ = {isa = PBXFileReference; fileEncoding = 4; lastKnownFileType = sourcecode.c.h; path = "UIWebView+AFNetworking.h"; sourceTree = "<group>"; };
		33AEBAFC1EA4F1DD001FF0C4 /* UIWebView+AFNetworking.m */ = {isa = PBXFileReference; fileEncoding = 4; lastKnownFileType = sourcecode.c.objc; path = "UIWebView+AFNetworking.m"; sourceTree = "<group>"; };
/* End PBXFileReference section */

/* Begin PBXFrameworksBuildPhase section */
		33AEBAB01EA4F107001FF0C4 /* Frameworks */ = {
			isa = PBXFrameworksBuildPhase;
			buildActionMask = 2147483647;
			files = (
			);
			runOnlyForDeploymentPostprocessing = 0;
		};
/* End PBXFrameworksBuildPhase section */

/* Begin PBXGroup section */
		33AEBAAA1EA4F107001FF0C4 = {
			isa = PBXGroup;
			children = (
				33AEBAB61EA4F107001FF0C4 /* SYNetwork */,
				33AEBAB51EA4F107001FF0C4 /* Products */,
			);
			sourceTree = "<group>";
		};
		33AEBAB51EA4F107001FF0C4 /* Products */ = {
			isa = PBXGroup;
			children = (
				33AEBAB41EA4F107001FF0C4 /* SYNetwork.framework */,
			);
			name = Products;
			sourceTree = "<group>";
		};
		33AEBAB61EA4F107001FF0C4 /* SYNetwork */ = {
			isa = PBXGroup;
			children = (
				33AEBAD91EA4F1DD001FF0C4 /* AFNetworking */,
				33AEBAB71EA4F107001FF0C4 /* SYNetwork.h */,
				33AEBACA1EA4F146001FF0C4 /* SYHTTPCache.h */,
				33AEBACB1EA4F146001FF0C4 /* SYHTTPCache.m */,
				33AEBACC1EA4F146001FF0C4 /* SYHTTPManager.h */,
				33AEBACD1EA4F146001FF0C4 /* SYHTTPManager.m */,
				33AEBAD21EA4F156001FF0C4 /* SYRequestProtocol.h */,
				33AEBAD31EA4F156001FF0C4 /* SYResponse.h */,
				33AEBAD41EA4F156001FF0C4 /* SYResponse.m */,
				33AEBAB81EA4F107001FF0C4 /* Info.plist */,
			);
			path = SYNetwork;
			sourceTree = "<group>";
		};
		33AEBAD91EA4F1DD001FF0C4 /* AFNetworking */ = {
			isa = PBXGroup;
			children = (
				33AEBADA1EA4F1DD001FF0C4 /* AFNetworking */,
				33AEBAE81EA4F1DD001FF0C4 /* UIKit+AFNetworking */,
			);
			path = AFNetworking;
			sourceTree = "<group>";
		};
		33AEBADA1EA4F1DD001FF0C4 /* AFNetworking */ = {
			isa = PBXGroup;
			children = (
				33AEBADB1EA4F1DD001FF0C4 /* AFHTTPSessionManager.h */,
				33AEBADC1EA4F1DD001FF0C4 /* AFHTTPSessionManager.m */,
				33AEBADD1EA4F1DD001FF0C4 /* AFNetworking.h */,
				33AEBADE1EA4F1DD001FF0C4 /* AFNetworkReachabilityManager.h */,
				33AEBADF1EA4F1DD001FF0C4 /* AFNetworkReachabilityManager.m */,
				33AEBAE01EA4F1DD001FF0C4 /* AFSecurityPolicy.h */,
				33AEBAE11EA4F1DD001FF0C4 /* AFSecurityPolicy.m */,
				33AEBAE21EA4F1DD001FF0C4 /* AFURLRequestSerialization.h */,
				33AEBAE31EA4F1DD001FF0C4 /* AFURLRequestSerialization.m */,
				33AEBAE41EA4F1DD001FF0C4 /* AFURLResponseSerialization.h */,
				33AEBAE51EA4F1DD001FF0C4 /* AFURLResponseSerialization.m */,
				33AEBAE61EA4F1DD001FF0C4 /* AFURLSessionManager.h */,
				33AEBAE71EA4F1DD001FF0C4 /* AFURLSessionManager.m */,
			);
			path = AFNetworking;
			sourceTree = "<group>";
		};
		33AEBAE81EA4F1DD001FF0C4 /* UIKit+AFNetworking */ = {
			isa = PBXGroup;
			children = (
				33AEBAE91EA4F1DD001FF0C4 /* AFAutoPurgingImageCache.h */,
				33AEBAEA1EA4F1DD001FF0C4 /* AFAutoPurgingImageCache.m */,
				33AEBAEB1EA4F1DD001FF0C4 /* AFImageDownloader.h */,
				33AEBAEC1EA4F1DD001FF0C4 /* AFImageDownloader.m */,
				33AEBAED1EA4F1DD001FF0C4 /* AFNetworkActivityIndicatorManager.h */,
				33AEBAEE1EA4F1DD001FF0C4 /* AFNetworkActivityIndicatorManager.m */,
				33AEBAEF1EA4F1DD001FF0C4 /* UIActivityIndicatorView+AFNetworking.h */,
				33AEBAF01EA4F1DD001FF0C4 /* UIActivityIndicatorView+AFNetworking.m */,
				33AEBAF11EA4F1DD001FF0C4 /* UIButton+AFNetworking.h */,
				33AEBAF21EA4F1DD001FF0C4 /* UIButton+AFNetworking.m */,
				33AEBAF31EA4F1DD001FF0C4 /* UIImage+AFNetworking.h */,
				33AEBAF41EA4F1DD001FF0C4 /* UIImageView+AFNetworking.h */,
				33AEBAF51EA4F1DD001FF0C4 /* UIImageView+AFNetworking.m */,
				33AEBAF61EA4F1DD001FF0C4 /* UIKit+AFNetworking.h */,
				33AEBAF71EA4F1DD001FF0C4 /* UIProgressView+AFNetworking.h */,
				33AEBAF81EA4F1DD001FF0C4 /* UIProgressView+AFNetworking.m */,
				33AEBAF91EA4F1DD001FF0C4 /* UIRefreshControl+AFNetworking.h */,
				33AEBAFA1EA4F1DD001FF0C4 /* UIRefreshControl+AFNetworking.m */,
				33AEBAFB1EA4F1DD001FF0C4 /* UIWebView+AFNetworking.h */,
				33AEBAFC1EA4F1DD001FF0C4 /* UIWebView+AFNetworking.m */,
			);
			path = "UIKit+AFNetworking";
			sourceTree = "<group>";
		};
/* End PBXGroup section */

/* Begin PBXHeadersBuildPhase section */
		33AEBAB11EA4F107001FF0C4 /* Headers */ = {
			isa = PBXHeadersBuildPhase;
			buildActionMask = 2147483647;
			files = (
				33AEBB081EA4F1DD001FF0C4 /* AFURLSessionManager.h in Headers */,
				33AEBB121EA4F1DD001FF0C4 /* UIButton+AFNetworking.h in Headers */,
				33AEBB021EA4F1DD001FF0C4 /* AFSecurityPolicy.h in Headers */,
				33AEBB1A1EA4F1DD001FF0C4 /* UIRefreshControl+AFNetworking.h in Headers */,
				33AEBAFF1EA4F1DD001FF0C4 /* AFNetworking.h in Headers */,
				33AEBB041EA4F1DD001FF0C4 /* AFURLRequestSerialization.h in Headers */,
				33AEBB001EA4F1DD001FF0C4 /* AFNetworkReachabilityManager.h in Headers */,
				33AEBAD51EA4F156001FF0C4 /* SYRequestProtocol.h in Headers */,
				33AEBB0A1EA4F1DD001FF0C4 /* AFAutoPurgingImageCache.h in Headers */,
				33AEBAD61EA4F156001FF0C4 /* SYResponse.h in Headers */,
				33AEBB141EA4F1DD001FF0C4 /* UIImage+AFNetworking.h in Headers */,
				33AEBB181EA4F1DD001FF0C4 /* UIProgressView+AFNetworking.h in Headers */,
				33AEBB061EA4F1DD001FF0C4 /* AFURLResponseSerialization.h in Headers */,
				33AEBB101EA4F1DD001FF0C4 /* UIActivityIndicatorView+AFNetworking.h in Headers */,
				33AEBB1C1EA4F1DD001FF0C4 /* UIWebView+AFNetworking.h in Headers */,
				33AEBAFD1EA4F1DD001FF0C4 /* AFHTTPSessionManager.h in Headers */,
				33AEBB0C1EA4F1DD001FF0C4 /* AFImageDownloader.h in Headers */,
				33AEBAD01EA4F146001FF0C4 /* SYHTTPManager.h in Headers */,
				33AEBAB91EA4F107001FF0C4 /* SYNetwork.h in Headers */,
				33AEBB151EA4F1DD001FF0C4 /* UIImageView+AFNetworking.h in Headers */,
				33AEBACE1EA4F146001FF0C4 /* SYHTTPCache.h in Headers */,
				33AEBB171EA4F1DD001FF0C4 /* UIKit+AFNetworking.h in Headers */,
				33AEBB0E1EA4F1DD001FF0C4 /* AFNetworkActivityIndicatorManager.h in Headers */,
			);
			runOnlyForDeploymentPostprocessing = 0;
		};
/* End PBXHeadersBuildPhase section */

/* Begin PBXNativeTarget section */
		33AEBAB31EA4F107001FF0C4 /* SYNetwork */ = {
			isa = PBXNativeTarget;
			buildConfigurationList = 33AEBABC1EA4F107001FF0C4 /* Build configuration list for PBXNativeTarget "SYNetwork" */;
			buildPhases = (
				33AEBAAF1EA4F107001FF0C4 /* Sources */,
				33AEBAB01EA4F107001FF0C4 /* Frameworks */,
				33AEBAB11EA4F107001FF0C4 /* Headers */,
				33AEBAB21EA4F107001FF0C4 /* Resources */,
			);
			buildRules = (
			);
			dependencies = (
			);
			name = SYNetwork;
			productName = SYNetwork;
			productReference = 33AEBAB41EA4F107001FF0C4 /* SYNetwork.framework */;
			productType = "com.apple.product-type.framework";
		};
/* End PBXNativeTarget section */

/* Begin PBXProject section */
		33AEBAAB1EA4F107001FF0C4 /* Project object */ = {
			isa = PBXProject;
			attributes = {
				LastUpgradeCheck = 0830;
				ORGANIZATIONNAME = CepheusSun;
				TargetAttributes = {
					33AEBAB31EA4F107001FF0C4 = {
						CreatedOnToolsVersion = 8.3.1;
						DevelopmentTeam = 552B69TXM9;
						ProvisioningStyle = Automatic;
					};
				};
			};
			buildConfigurationList = 33AEBAAE1EA4F107001FF0C4 /* Build configuration list for PBXProject "SYNetwork" */;
			compatibilityVersion = "Xcode 3.2";
			developmentRegion = English;
			hasScannedForEncodings = 0;
			knownRegions = (
				en,
			);
			mainGroup = 33AEBAAA1EA4F107001FF0C4;
			productRefGroup = 33AEBAB51EA4F107001FF0C4 /* Products */;
			projectDirPath = "";
			projectRoot = "";
			targets = (
				33AEBAB31EA4F107001FF0C4 /* SYNetwork */,
			);
		};
/* End PBXProject section */

/* Begin PBXResourcesBuildPhase section */
		33AEBAB21EA4F107001FF0C4 /* Resources */ = {
			isa = PBXResourcesBuildPhase;
			buildActionMask = 2147483647;
			files = (
			);
			runOnlyForDeploymentPostprocessing = 0;
		};
/* End PBXResourcesBuildPhase section */

/* Begin PBXSourcesBuildPhase section */
		33AEBAAF1EA4F107001FF0C4 /* Sources */ = {
			isa = PBXSourcesBuildPhase;
			buildActionMask = 2147483647;
			files = (
				33AEBB191EA4F1DD001FF0C4 /* UIProgressView+AFNetworking.m in Sources */,
				33AEBB091EA4F1DD001FF0C4 /* AFURLSessionManager.m in Sources */,
				33AEBB1D1EA4F1DD001FF0C4 /* UIWebView+AFNetworking.m in Sources */,
				33AEBB161EA4F1DD001FF0C4 /* UIImageView+AFNetworking.m in Sources */,
				33AEBACF1EA4F146001FF0C4 /* SYHTTPCache.m in Sources */,
				33AEBB131EA4F1DD001FF0C4 /* UIButton+AFNetworking.m in Sources */,
				33AEBAD71EA4F156001FF0C4 /* SYResponse.m in Sources */,
				33AEBB011EA4F1DD001FF0C4 /* AFNetworkReachabilityManager.m in Sources */,
				33AEBB1B1EA4F1DD001FF0C4 /* UIRefreshControl+AFNetworking.m in Sources */,
				33AEBAD11EA4F146001FF0C4 /* SYHTTPManager.m in Sources */,
				33AEBB0B1EA4F1DD001FF0C4 /* AFAutoPurgingImageCache.m in Sources */,
				33AEBB031EA4F1DD001FF0C4 /* AFSecurityPolicy.m in Sources */,
				33AEBB051EA4F1DD001FF0C4 /* AFURLRequestSerialization.m in Sources */,
				33AEBB0F1EA4F1DD001FF0C4 /* AFNetworkActivityIndicatorManager.m in Sources */,
				33AEBB071EA4F1DD001FF0C4 /* AFURLResponseSerialization.m in Sources */,
				33AEBAFE1EA4F1DD001FF0C4 /* AFHTTPSessionManager.m in Sources */,
				33AEBB0D1EA4F1DD001FF0C4 /* AFImageDownloader.m in Sources */,
				33AEBB111EA4F1DD001FF0C4 /* UIActivityIndicatorView+AFNetworking.m in Sources */,
			);
			runOnlyForDeploymentPostprocessing = 0;
		};
/* End PBXSourcesBuildPhase section */

/* Begin XCBuildConfiguration section */
		33AEBABA1EA4F107001FF0C4 /* Debug */ = {
			isa = XCBuildConfiguration;
			buildSettings = {
				ALWAYS_SEARCH_USER_PATHS = NO;
				CLANG_ANALYZER_NONNULL = YES;
				CLANG_ANALYZER_NUMBER_OBJECT_CONVERSION = YES_AGGRESSIVE;
				CLANG_CXX_LANGUAGE_STANDARD = "gnu++0x";
				CLANG_CXX_LIBRARY = "libc++";
				CLANG_ENABLE_MODULES = YES;
				CLANG_ENABLE_OBJC_ARC = YES;
				CLANG_WARN_BOOL_CONVERSION = YES;
				CLANG_WARN_CONSTANT_CONVERSION = YES;
				CLANG_WARN_DIRECT_OBJC_ISA_USAGE = YES_ERROR;
				CLANG_WARN_DOCUMENTATION_COMMENTS = YES;
				CLANG_WARN_EMPTY_BODY = YES;
				CLANG_WARN_ENUM_CONVERSION = YES;
				CLANG_WARN_INFINITE_RECURSION = YES;
				CLANG_WARN_INT_CONVERSION = YES;
				CLANG_WARN_OBJC_ROOT_CLASS = YES_ERROR;
				CLANG_WARN_SUSPICIOUS_MOVE = YES;
				CLANG_WARN_UNREACHABLE_CODE = YES;
				CLANG_WARN__DUPLICATE_METHOD_MATCH = YES;
				"CODE_SIGN_IDENTITY[sdk=iphoneos*]" = "iPhone Developer";
				COPY_PHASE_STRIP = NO;
				CURRENT_PROJECT_VERSION = 1;
				DEBUG_INFORMATION_FORMAT = dwarf;
				ENABLE_STRICT_OBJC_MSGSEND = YES;
				ENABLE_TESTABILITY = YES;
				GCC_C_LANGUAGE_STANDARD = gnu99;
				GCC_DYNAMIC_NO_PIC = NO;
				GCC_NO_COMMON_BLOCKS = YES;
				GCC_OPTIMIZATION_LEVEL = 0;
				GCC_PREPROCESSOR_DEFINITIONS = (
					"DEBUG=1",
					"$(inherited)",
				);
				GCC_WARN_64_TO_32_BIT_CONVERSION = YES;
				GCC_WARN_ABOUT_RETURN_TYPE = YES_ERROR;
				GCC_WARN_UNDECLARED_SELECTOR = YES;
				GCC_WARN_UNINITIALIZED_AUTOS = YES_AGGRESSIVE;
				GCC_WARN_UNUSED_FUNCTION = YES;
				GCC_WARN_UNUSED_VARIABLE = YES;
				IPHONEOS_DEPLOYMENT_TARGET = 10.3;
				MTL_ENABLE_DEBUG_INFO = YES;
				ONLY_ACTIVE_ARCH = YES;
				SDKROOT = iphoneos;
				TARGETED_DEVICE_FAMILY = "1,2";
				VERSIONING_SYSTEM = "apple-generic";
				VERSION_INFO_PREFIX = "";
			};
			name = Debug;
		};
		33AEBABB1EA4F107001FF0C4 /* Release */ = {
			isa = XCBuildConfiguration;
			buildSettings = {
				ALWAYS_SEARCH_USER_PATHS = NO;
				CLANG_ANALYZER_NONNULL = YES;
				CLANG_ANALYZER_NUMBER_OBJECT_CONVERSION = YES_AGGRESSIVE;
				CLANG_CXX_LANGUAGE_STANDARD = "gnu++0x";
				CLANG_CXX_LIBRARY = "libc++";
				CLANG_ENABLE_MODULES = YES;
				CLANG_ENABLE_OBJC_ARC = YES;
				CLANG_WARN_BOOL_CONVERSION = YES;
				CLANG_WARN_CONSTANT_CONVERSION = YES;
				CLANG_WARN_DIRECT_OBJC_ISA_USAGE = YES_ERROR;
				CLANG_WARN_DOCUMENTATION_COMMENTS = YES;
				CLANG_WARN_EMPTY_BODY = YES;
				CLANG_WARN_ENUM_CONVERSION = YES;
				CLANG_WARN_INFINITE_RECURSION = YES;
				CLANG_WARN_INT_CONVERSION = YES;
				CLANG_WARN_OBJC_ROOT_CLASS = YES_ERROR;
				CLANG_WARN_SUSPICIOUS_MOVE = YES;
				CLANG_WARN_UNREACHABLE_CODE = YES;
				CLANG_WARN__DUPLICATE_METHOD_MATCH = YES;
				"CODE_SIGN_IDENTITY[sdk=iphoneos*]" = "iPhone Developer";
				COPY_PHASE_STRIP = NO;
				CURRENT_PROJECT_VERSION = 1;
				DEBUG_INFORMATION_FORMAT = "dwarf-with-dsym";
				ENABLE_NS_ASSERTIONS = NO;
				ENABLE_STRICT_OBJC_MSGSEND = YES;
				GCC_C_LANGUAGE_STANDARD = gnu99;
				GCC_NO_COMMON_BLOCKS = YES;
				GCC_WARN_64_TO_32_BIT_CONVERSION = YES;
				GCC_WARN_ABOUT_RETURN_TYPE = YES_ERROR;
				GCC_WARN_UNDECLARED_SELECTOR = YES;
				GCC_WARN_UNINITIALIZED_AUTOS = YES_AGGRESSIVE;
				GCC_WARN_UNUSED_FUNCTION = YES;
				GCC_WARN_UNUSED_VARIABLE = YES;
				IPHONEOS_DEPLOYMENT_TARGET = 10.3;
				MTL_ENABLE_DEBUG_INFO = NO;
				SDKROOT = iphoneos;
				TARGETED_DEVICE_FAMILY = "1,2";
				VALIDATE_PRODUCT = YES;
				VERSIONING_SYSTEM = "apple-generic";
				VERSION_INFO_PREFIX = "";
			};
			name = Release;
		};
		33AEBABD1EA4F107001FF0C4 /* Debug */ = {
			isa = XCBuildConfiguration;
			buildSettings = {
				CODE_SIGN_IDENTITY = "";
				DEFINES_MODULE = YES;
				DEVELOPMENT_TEAM = 552B69TXM9;
				DYLIB_COMPATIBILITY_VERSION = 1;
				DYLIB_CURRENT_VERSION = 1;
				DYLIB_INSTALL_NAME_BASE = "@rpath";
				INFOPLIST_FILE = SYNetwork/Info.plist;
				INSTALL_PATH = "$(LOCAL_LIBRARY_DIR)/Frameworks";
				LD_RUNPATH_SEARCH_PATHS = "$(inherited) @executable_path/Frameworks @loader_path/Frameworks";
				PRODUCT_BUNDLE_IDENTIFIER = com.cepheus.sun.SYNetwork;
				PRODUCT_NAME = "$(TARGET_NAME)";
				SKIP_INSTALL = YES;
			};
			name = Debug;
		};
		33AEBABE1EA4F107001FF0C4 /* Release */ = {
			isa = XCBuildConfiguration;
			buildSettings = {
				CODE_SIGN_IDENTITY = "";
				DEFINES_MODULE = YES;
				DEVELOPMENT_TEAM = 552B69TXM9;
				DYLIB_COMPATIBILITY_VERSION = 1;
				DYLIB_CURRENT_VERSION = 1;
				DYLIB_INSTALL_NAME_BASE = "@rpath";
				INFOPLIST_FILE = SYNetwork/Info.plist;
				INSTALL_PATH = "$(LOCAL_LIBRARY_DIR)/Frameworks";
				LD_RUNPATH_SEARCH_PATHS = "$(inherited) @executable_path/Frameworks @loader_path/Frameworks";
				PRODUCT_BUNDLE_IDENTIFIER = com.cepheus.sun.SYNetwork;
				PRODUCT_NAME = "$(TARGET_NAME)";
				SKIP_INSTALL = YES;
			};
			name = Release;
		};
/* End XCBuildConfiguration section */

/* Begin XCConfigurationList section */
		33AEBAAE1EA4F107001FF0C4 /* Build configuration list for PBXProject "SYNetwork" */ = {
			isa = XCConfigurationList;
			buildConfigurations = (
				33AEBABA1EA4F107001FF0C4 /* Debug */,
				33AEBABB1EA4F107001FF0C4 /* Release */,
			);
			defaultConfigurationIsVisible = 0;
			defaultConfigurationName = Release;
		};
		33AEBABC1EA4F107001FF0C4 /* Build configuration list for PBXNativeTarget "SYNetwork" */ = {
			isa = XCConfigurationList;
			buildConfigurations = (
				33AEBABD1EA4F107001FF0C4 /* Debug */,
				33AEBABE1EA4F107001FF0C4 /* Release */,
			);
			defaultConfigurationIsVisible = 0;
			defaultConfigurationName = Release;
		};
/* End XCConfigurationList section */
	};
	rootObject = 33AEBAAB1EA4F107001FF0C4 /* Project object */;
}
